
Microsoft Visual Studio Solution File, Format Version 12.00
# Visual Studio Version 17
VisualStudioVersion = 17.7.34221.43
MinimumVisualStudioVersion = 10.0.40219.1
Project("{8BC9CEB8-8B4A-11D0-8D11-00A0C91BC942}") = "000 CPP-Template", "000 CPP-Template\000 CPP-Template.vcxproj", "{61799DB6-9A8B-4DE5-BD81-3156C70BAD86}"
EndProject
Project("{8BC9CEB8-8B4A-11D0-8D11-00A0C91BC942}") = "005 How C++ Works", "005 How C++ Works\005 How C++ Works.vcxproj", "{A0C099AF-DD80-415D-B4C9-19C57935BD5F}"
EndProject
Project("{8BC9CEB8-8B4A-11D0-8D11-00A0C91BC942}") = "006 How the C++ Compiler Works", "006 How the C++ Compiler Works\006 How the C++ Compiler Works.vcxproj", "{C38BE0E5-6D9E-472A-BBC6-89FB338F2CA4}"
EndProject
Project("{8BC9CEB8-8B4A-11D0-8D11-00A0C91BC942}") = "007 How the C++ Linker Works", "007 How the C++ Linker Works\007 How the C++ Linker Works.vcxproj", "{B12E9908-4E10-4A7D-9581-F11ADBC581ED}"
EndProject
Project("{8BC9CEB8-8B4A-11D0-8D11-00A0C91BC942}") = "008 Variables in C++", "008 Variables in C++\008 Variables in C++.vcxproj", "{6D192ED7-FCF1-43C0-9477-EE5B21E99F60}"
EndProject
Project("{8BC9CEB8-8B4A-11D0-8D11-00A0C91BC942}") = "009 Functions in C++", "009 Functions in C++\009 Functions in C++.vcxproj", "{94E9797A-1A9D-42E1-B051-3A4D1D5C60FB}"
EndProject
Project("{8BC9CEB8-8B4A-11D0-8D11-00A0C91BC942}") = "010 C++ Header Files", "010 C++ Header Files\010 C++ Header Files.vcxproj", "{B7620D66-4E11-4352-994B-ADC0F407E16F}"
EndProject
Project("{8BC9CEB8-8B4A-11D0-8D11-00A0C91BC942}") = "011 How to DEBUG C++ in VISUAL STUDIO", "011 How to DEBUG C++ in VISUAL STUDIO\011 How to DEBUG C++ in VISUAL STUDIO.vcxproj", "{75BFD3C4-4158-4474-A884-8A48AD2EB83A}"
EndProject
Project("{8BC9CEB8-8B4A-11D0-8D11-00A0C91BC942}") = "012 CONDITIONS and BRANCHES in C++ (if statements)", "012 CONDITIONS and BRANCHES in C++ (if statements)\012 CONDITIONS and BRANCHES in C++ (if statements).vcxproj", "{DB92E8B5-1270-4D50-A2CC-0DD26999A7BF}"
EndProject
Project("{8BC9CEB8-8B4A-11D0-8D11-00A0C91BC942}") = "014 Loops in C++ (for loops, while loops)", "014 Loops in C++ (for loops, while loops)\014 Loops in C++ (for loops, while loops).vcxproj", "{C11EEA93-0320-4C70-A384-D24724CACC55}"
EndProject
Project("{8BC9CEB8-8B4A-11D0-8D11-00A0C91BC942}") = "015 Control Flow in C++ (continue, break, return)", "015 Control Flow in C++ (continue, break, return)\015 Control Flow in C++ (continue, break, return).vcxproj", "{3B31696D-167A-4585-BADD-72CB2F9883F7}"
EndProject
Project("{8BC9CEB8-8B4A-11D0-8D11-00A0C91BC942}") = "016 POINTERS in C++", "016 POINTERS in C++\016 POINTERS in C++.vcxproj", "{2A0170DF-14F1-4AFA-A3CF-224D99871D22}"
EndProject
Project("{8BC9CEB8-8B4A-11D0-8D11-00A0C91BC942}") = "017 REFERENCES in C++", "017 REFERENCES in C++\017 REFERENCES in C++.vcxproj", "{6C56A692-9F47-4240-A319-494CB6CDEE8C}"
EndProject
Project("{8BC9CEB8-8B4A-11D0-8D11-00A0C91BC942}") = "018 CLASSES in C++", "018 CLASSES in C++\018 CLASSES in C++.vcxproj", "{C15B631D-3483-438E-B600-E7FBD9A0D675}"
EndProject
Project("{8BC9CEB8-8B4A-11D0-8D11-00A0C91BC942}") = "019 CLASSES vs STRUCTS in C++", "019 CLASSES vs STRUCTS in C++\019 CLASSES vs STRUCTS in C++.vcxproj", "{A779161D-D786-43BD-BAD9-2B0E814EC87A}"
EndProject
Project("{8BC9CEB8-8B4A-11D0-8D11-00A0C91BC942}") = "020 How to Write a C++ Class", "020 How to Write a C++ Class\020 How to Write a C++ Class.vcxproj", "{6CA3EB00-DE9E-4116-8756-877E7A2CE0A2}"
EndProject
Project("{8BC9CEB8-8B4A-11D0-8D11-00A0C91BC942}") = "021 Static in C++", "021 Static in C++\021 Static in C++.vcxproj", "{F9A87798-8BB1-4E30-9CE7-0477262BA3C5}"
EndProject
Project("{8BC9CEB8-8B4A-11D0-8D11-00A0C91BC942}") = "022 Static for Classes and Structs in C++", "022 Static for Classes and Structs in C++\022 Static for Classes and Structs in C++.vcxproj", "{7B49882D-8D86-4B3E-8AAF-4E21F2D31D9E}"
EndProject
Project("{8BC9CEB8-8B4A-11D0-8D11-00A0C91BC942}") = "023 ENUMS in C++", "023 ENUMS in C++\023 ENUMS in C++.vcxproj", "{1CCA9312-A63D-4DBE-920D-F73A8BA7C484}"
EndProject
Project("{8BC9CEB8-8B4A-11D0-8D11-00A0C91BC942}") = "024 Constructors in C++", "024 Constructors in C++\024 Constructors in C++.vcxproj", "{E9F2321D-C97E-440A-9F21-E5B931741AD7}"
EndProject
Project("{8BC9CEB8-8B4A-11D0-8D11-00A0C91BC942}") = "025 Destructors in C++", "025 Destructors in C++\025 Destructors in C++.vcxproj", "{53EE35AA-D0C2-43D0-9DBD-AE8FF0281CB4}"
EndProject
Project("{8BC9CEB8-8B4A-11D0-8D11-00A0C91BC942}") = "026 Inheritance in C++", "026 Inheritance in C++\026 Inheritance in C++.vcxproj", "{96852731-64BE-4FA3-BDB9-D0FEBD2857BB}"
EndProject
Project("{8BC9CEB8-8B4A-11D0-8D11-00A0C91BC942}") = "027 Virtual Functions in C++", "027 Virtual Functions in C++\027 Virtual Functions in C++.vcxproj", "{8469ED5E-E825-4C7F-A210-C600A7E551E0}"
EndProject
Project("{8BC9CEB8-8B4A-11D0-8D11-00A0C91BC942}") = "028 Interfaces in C++ (Pure Virtual Functions)", "028 Interfaces in C++ (Pure Virtual Functions)\028 Interfaces in C++ (Pure Virtual Functions).vcxproj", "{9BBCC176-B4DA-4D2E-8EBB-596DC8C27862}"
EndProject
Project("{8BC9CEB8-8B4A-11D0-8D11-00A0C91BC942}") = "029 Visibility in C++", "029 Visibility in C++\029 Visibility in C++.vcxproj", "{3A01C4F2-9B51-4CDB-915C-9E83B2CB2575}"
EndProject
Project("{8BC9CEB8-8B4A-11D0-8D11-00A0C91BC942}") = "030 Arrays in C++", "030 Arrays in C++\030 Arrays in C++.vcxproj", "{D4C5AF94-1CF0-4D4D-BF95-491E7EB03D49}"
EndProject
Project("{8BC9CEB8-8B4A-11D0-8D11-00A0C91BC942}") = "031 How Strings Work in C++ (and how to use them)", "031 How Strings Work in C++ (and how to use them)\031 How Strings Work in C++ (and how to use them).vcxproj", "{68705511-AA39-4B74-B3E6-AB6E98290DC8}"
EndProject
Project("{8BC9CEB8-8B4A-11D0-8D11-00A0C91BC942}") = "032 String Literals in C++", "032 String Literals in C++\032 String Literals in C++.vcxproj", "{20D425E0-268A-44BC-93C3-DF7BF861CC80}"
EndProject
Project("{8BC9CEB8-8B4A-11D0-8D11-00A0C91BC942}") = "033 CONST in C++", "033 CONST in C++\033 CONST in C++.vcxproj", "{04F4D1EC-17CC-493E-910E-7A2A3A71EECC}"
EndProject
Project("{8BC9CEB8-8B4A-11D0-8D11-00A0C91BC942}") = "034 The Mutable Keyword in C++", "034 The Mutable Keyword in C++\034 The Mutable Keyword in C++.vcxproj", "{F0FBFE59-B664-4183-A7AE-425F81BD4AC6}"
EndProject
Project("{8BC9CEB8-8B4A-11D0-8D11-00A0C91BC942}") = "035 Member Initializer Lists in C++ (Constructor Initializer List)", "035 Member Initializer Lists in C++ (Constructor Initializer List)\035 Member Initializer Lists in C++ (Constructor Initializer List).vcxproj", "{44911FAC-F33E-4974-A5E3-16A9BBC373E2}"
EndProject
Project("{8BC9CEB8-8B4A-11D0-8D11-00A0C91BC942}") = "036 Ternary Operators in C++ (Conditional Assignment)", "036 Ternary Operators in C++ (Conditional Assignment)\036 Ternary Operators in C++ (Conditional Assignment).vcxproj", "{3FE9D6FD-6E3B-42B7-9CB9-522C8D62810C}"
EndProject
Project("{8BC9CEB8-8B4A-11D0-8D11-00A0C91BC942}") = "037 How to CREATE INSTANTIATE OBJECTS in C++", "037 How to CREATE INSTANTIATE OBJECTS in C++\037 How to CREATE INSTANTIATE OBJECTS in C++.vcxproj", "{7F3D5267-26F5-47C2-86FF-8213FC30526C}"
EndProject
Project("{8BC9CEB8-8B4A-11D0-8D11-00A0C91BC942}") = "038 The NEW Keyword in C++", "038 The NEW Keyword in C++\038 The NEW Keyword in C++.vcxproj", "{ACBD1AE4-1C91-409B-8338-78B6808D5476}"
EndProject
Project("{8BC9CEB8-8B4A-11D0-8D11-00A0C91BC942}") = "039 Implicit Conversion and the Explicit Keyword in C++", "039 Implicit Conversion and the Explicit Keyword in C++\039 Implicit Conversion and the Explicit Keyword in C++.vcxproj", "{74DF3816-987B-46A6-AFC6-63101BF59C97}"
EndProject
Project("{8BC9CEB8-8B4A-11D0-8D11-00A0C91BC942}") = "040 OPERATORS and OPERATOR OVERLOADING in C++", "040 OPERATORS and OPERATOR OVERLOADING in C++\040 OPERATORS and OPERATOR OVERLOADING in C++.vcxproj", "{23FD6A87-8964-460D-9341-E6ABF871C84B}"
EndProject
Project("{8BC9CEB8-8B4A-11D0-8D11-00A0C91BC942}") = "041 The THIS keyword in C++", "041 The THIS keyword in C++\041 The THIS keyword in C++.vcxproj", "{B69A57C3-2D53-432B-9FD5-89B76F841035}"
EndProject
Project("{8BC9CEB8-8B4A-11D0-8D11-00A0C91BC942}") = "042 Object Lifetime in C++ (Stack Scope Lifetimes)", "042 Object Lifetime in C++ (Stack Scope Lifetimes)\042 Object Lifetime in C++ (Stack Scope Lifetimes).vcxproj", "{94AA3CCB-CED4-47A7-8C7C-D4E299A2BBC1}"
EndProject
Project("{8BC9CEB8-8B4A-11D0-8D11-00A0C91BC942}") = "043 SMART POINTERS in C++ (unique_ptr, shared_ptr, weak_ptr)", "043 SMART POINTERS in C++ (unique_ptr, shared_ptr, weak_ptr)\043 SMART POINTERS in C++ (unique_ptr, shared_ptr, weak_ptr).vcxproj", "{D4FD22DD-B4FD-47FB-BC54-05BB81748A21}"
EndProject
Project("{8BC9CEB8-8B4A-11D0-8D11-00A0C91BC942}") = "044 Copying and Copy Constructors in C++", "044 Copying and Copy Constructors in C++\044 Copying and Copy Constructors in C++.vcxproj", "{355CA52A-78B4-4FBB-8671-681C13B20334}"
EndProject
Project("{8BC9CEB8-8B4A-11D0-8D11-00A0C91BC942}") = "045 The Arrow Operator in C++", "045 The Arrow Operator in C++\045 The Arrow Operator in C++.vcxproj", "{CD6BE612-FD8D-45F8-9B89-ACCB808DED3C}"
EndProject
Project("{8BC9CEB8-8B4A-11D0-8D11-00A0C91BC942}") = "046 Dynamic Arrays in C++ (std vector)", "046 Dynamic Arrays in C++ (std vector)\046 Dynamic Arrays in C++ (std vector).vcxproj", "{8D846997-729C-4F0A-A46A-BB1C4846F5AB}"
EndProject
Global
	GlobalSection(SolutionConfigurationPlatforms) = preSolution
		Debug|x64 = Debug|x64
		Debug|x86 = Debug|x86
		Release|x64 = Release|x64
		Release|x86 = Release|x86
	EndGlobalSection
	GlobalSection(ProjectConfigurationPlatforms) = postSolution
		{61799DB6-9A8B-4DE5-BD81-3156C70BAD86}.Debug|x64.ActiveCfg = Debug|x64
		{61799DB6-9A8B-4DE5-BD81-3156C70BAD86}.Debug|x64.Build.0 = Debug|x64
		{61799DB6-9A8B-4DE5-BD81-3156C70BAD86}.Debug|x86.ActiveCfg = Debug|Win32
		{61799DB6-9A8B-4DE5-BD81-3156C70BAD86}.Debug|x86.Build.0 = Debug|Win32
		{61799DB6-9A8B-4DE5-BD81-3156C70BAD86}.Release|x64.ActiveCfg = Release|x64
		{61799DB6-9A8B-4DE5-BD81-3156C70BAD86}.Release|x64.Build.0 = Release|x64
		{61799DB6-9A8B-4DE5-BD81-3156C70BAD86}.Release|x86.ActiveCfg = Release|Win32
		{61799DB6-9A8B-4DE5-BD81-3156C70BAD86}.Release|x86.Build.0 = Release|Win32
		{A0C099AF-DD80-415D-B4C9-19C57935BD5F}.Debug|x64.ActiveCfg = Debug|x64
		{A0C099AF-DD80-415D-B4C9-19C57935BD5F}.Debug|x64.Build.0 = Debug|x64
		{A0C099AF-DD80-415D-B4C9-19C57935BD5F}.Debug|x86.ActiveCfg = Debug|Win32
		{A0C099AF-DD80-415D-B4C9-19C57935BD5F}.Debug|x86.Build.0 = Debug|Win32
		{A0C099AF-DD80-415D-B4C9-19C57935BD5F}.Release|x64.ActiveCfg = Release|x64
		{A0C099AF-DD80-415D-B4C9-19C57935BD5F}.Release|x64.Build.0 = Release|x64
		{A0C099AF-DD80-415D-B4C9-19C57935BD5F}.Release|x86.ActiveCfg = Release|Win32
		{A0C099AF-DD80-415D-B4C9-19C57935BD5F}.Release|x86.Build.0 = Release|Win32
		{C38BE0E5-6D9E-472A-BBC6-89FB338F2CA4}.Debug|x64.ActiveCfg = Debug|x64
		{C38BE0E5-6D9E-472A-BBC6-89FB338F2CA4}.Debug|x64.Build.0 = Debug|x64
		{C38BE0E5-6D9E-472A-BBC6-89FB338F2CA4}.Debug|x86.ActiveCfg = Debug|Win32
		{C38BE0E5-6D9E-472A-BBC6-89FB338F2CA4}.Debug|x86.Build.0 = Debug|Win32
		{C38BE0E5-6D9E-472A-BBC6-89FB338F2CA4}.Release|x64.ActiveCfg = Release|x64
		{C38BE0E5-6D9E-472A-BBC6-89FB338F2CA4}.Release|x64.Build.0 = Release|x64
		{C38BE0E5-6D9E-472A-BBC6-89FB338F2CA4}.Release|x86.ActiveCfg = Release|Win32
		{C38BE0E5-6D9E-472A-BBC6-89FB338F2CA4}.Release|x86.Build.0 = Release|Win32
		{B12E9908-4E10-4A7D-9581-F11ADBC581ED}.Debug|x64.ActiveCfg = Debug|x64
		{B12E9908-4E10-4A7D-9581-F11ADBC581ED}.Debug|x64.Build.0 = Debug|x64
		{B12E9908-4E10-4A7D-9581-F11ADBC581ED}.Debug|x86.ActiveCfg = Debug|Win32
		{B12E9908-4E10-4A7D-9581-F11ADBC581ED}.Debug|x86.Build.0 = Debug|Win32
		{B12E9908-4E10-4A7D-9581-F11ADBC581ED}.Release|x64.ActiveCfg = Release|x64
		{B12E9908-4E10-4A7D-9581-F11ADBC581ED}.Release|x64.Build.0 = Release|x64
		{B12E9908-4E10-4A7D-9581-F11ADBC581ED}.Release|x86.ActiveCfg = Release|Win32
		{B12E9908-4E10-4A7D-9581-F11ADBC581ED}.Release|x86.Build.0 = Release|Win32
		{6D192ED7-FCF1-43C0-9477-EE5B21E99F60}.Debug|x64.ActiveCfg = Debug|x64
		{6D192ED7-FCF1-43C0-9477-EE5B21E99F60}.Debug|x64.Build.0 = Debug|x64
		{6D192ED7-FCF1-43C0-9477-EE5B21E99F60}.Debug|x86.ActiveCfg = Debug|Win32
		{6D192ED7-FCF1-43C0-9477-EE5B21E99F60}.Debug|x86.Build.0 = Debug|Win32
		{6D192ED7-FCF1-43C0-9477-EE5B21E99F60}.Release|x64.ActiveCfg = Release|x64
		{6D192ED7-FCF1-43C0-9477-EE5B21E99F60}.Release|x64.Build.0 = Release|x64
		{6D192ED7-FCF1-43C0-9477-EE5B21E99F60}.Release|x86.ActiveCfg = Release|Win32
		{6D192ED7-FCF1-43C0-9477-EE5B21E99F60}.Release|x86.Build.0 = Release|Win32
		{94E9797A-1A9D-42E1-B051-3A4D1D5C60FB}.Debug|x64.ActiveCfg = Debug|x64
		{94E9797A-1A9D-42E1-B051-3A4D1D5C60FB}.Debug|x64.Build.0 = Debug|x64
		{94E9797A-1A9D-42E1-B051-3A4D1D5C60FB}.Debug|x86.ActiveCfg = Debug|Win32
		{94E9797A-1A9D-42E1-B051-3A4D1D5C60FB}.Debug|x86.Build.0 = Debug|Win32
		{94E9797A-1A9D-42E1-B051-3A4D1D5C60FB}.Release|x64.ActiveCfg = Release|x64
		{94E9797A-1A9D-42E1-B051-3A4D1D5C60FB}.Release|x64.Build.0 = Release|x64
		{94E9797A-1A9D-42E1-B051-3A4D1D5C60FB}.Release|x86.ActiveCfg = Release|Win32
		{94E9797A-1A9D-42E1-B051-3A4D1D5C60FB}.Release|x86.Build.0 = Release|Win32
		{B7620D66-4E11-4352-994B-ADC0F407E16F}.Debug|x64.ActiveCfg = Debug|x64
		{B7620D66-4E11-4352-994B-ADC0F407E16F}.Debug|x64.Build.0 = Debug|x64
		{B7620D66-4E11-4352-994B-ADC0F407E16F}.Debug|x86.ActiveCfg = Debug|Win32
		{B7620D66-4E11-4352-994B-ADC0F407E16F}.Debug|x86.Build.0 = Debug|Win32
		{B7620D66-4E11-4352-994B-ADC0F407E16F}.Release|x64.ActiveCfg = Release|x64
		{B7620D66-4E11-4352-994B-ADC0F407E16F}.Release|x64.Build.0 = Release|x64
		{B7620D66-4E11-4352-994B-ADC0F407E16F}.Release|x86.ActiveCfg = Release|Win32
		{B7620D66-4E11-4352-994B-ADC0F407E16F}.Release|x86.Build.0 = Release|Win32
		{75BFD3C4-4158-4474-A884-8A48AD2EB83A}.Debug|x64.ActiveCfg = Debug|x64
		{75BFD3C4-4158-4474-A884-8A48AD2EB83A}.Debug|x64.Build.0 = Debug|x64
		{75BFD3C4-4158-4474-A884-8A48AD2EB83A}.Debug|x86.ActiveCfg = Debug|Win32
		{75BFD3C4-4158-4474-A884-8A48AD2EB83A}.Debug|x86.Build.0 = Debug|Win32
		{75BFD3C4-4158-4474-A884-8A48AD2EB83A}.Release|x64.ActiveCfg = Release|x64
		{75BFD3C4-4158-4474-A884-8A48AD2EB83A}.Release|x64.Build.0 = Release|x64
		{75BFD3C4-4158-4474-A884-8A48AD2EB83A}.Release|x86.ActiveCfg = Release|Win32
		{75BFD3C4-4158-4474-A884-8A48AD2EB83A}.Release|x86.Build.0 = Release|Win32
		{DB92E8B5-1270-4D50-A2CC-0DD26999A7BF}.Debug|x64.ActiveCfg = Debug|x64
		{DB92E8B5-1270-4D50-A2CC-0DD26999A7BF}.Debug|x64.Build.0 = Debug|x64
		{DB92E8B5-1270-4D50-A2CC-0DD26999A7BF}.Debug|x86.ActiveCfg = Debug|Win32
		{DB92E8B5-1270-4D50-A2CC-0DD26999A7BF}.Debug|x86.Build.0 = Debug|Win32
		{DB92E8B5-1270-4D50-A2CC-0DD26999A7BF}.Release|x64.ActiveCfg = Release|x64
		{DB92E8B5-1270-4D50-A2CC-0DD26999A7BF}.Release|x64.Build.0 = Release|x64
		{DB92E8B5-1270-4D50-A2CC-0DD26999A7BF}.Release|x86.ActiveCfg = Release|Win32
		{DB92E8B5-1270-4D50-A2CC-0DD26999A7BF}.Release|x86.Build.0 = Release|Win32
		{C11EEA93-0320-4C70-A384-D24724CACC55}.Debug|x64.ActiveCfg = Debug|x64
		{C11EEA93-0320-4C70-A384-D24724CACC55}.Debug|x64.Build.0 = Debug|x64
		{C11EEA93-0320-4C70-A384-D24724CACC55}.Debug|x86.ActiveCfg = Debug|Win32
		{C11EEA93-0320-4C70-A384-D24724CACC55}.Debug|x86.Build.0 = Debug|Win32
		{C11EEA93-0320-4C70-A384-D24724CACC55}.Release|x64.ActiveCfg = Release|x64
		{C11EEA93-0320-4C70-A384-D24724CACC55}.Release|x64.Build.0 = Release|x64
		{C11EEA93-0320-4C70-A384-D24724CACC55}.Release|x86.ActiveCfg = Release|Win32
		{C11EEA93-0320-4C70-A384-D24724CACC55}.Release|x86.Build.0 = Release|Win32
		{3B31696D-167A-4585-BADD-72CB2F9883F7}.Debug|x64.ActiveCfg = Debug|x64
		{3B31696D-167A-4585-BADD-72CB2F9883F7}.Debug|x64.Build.0 = Debug|x64
		{3B31696D-167A-4585-BADD-72CB2F9883F7}.Debug|x86.ActiveCfg = Debug|Win32
		{3B31696D-167A-4585-BADD-72CB2F9883F7}.Debug|x86.Build.0 = Debug|Win32
		{3B31696D-167A-4585-BADD-72CB2F9883F7}.Release|x64.ActiveCfg = Release|x64
		{3B31696D-167A-4585-BADD-72CB2F9883F7}.Release|x64.Build.0 = Release|x64
		{3B31696D-167A-4585-BADD-72CB2F9883F7}.Release|x86.ActiveCfg = Release|Win32
		{3B31696D-167A-4585-BADD-72CB2F9883F7}.Release|x86.Build.0 = Release|Win32
		{2A0170DF-14F1-4AFA-A3CF-224D99871D22}.Debug|x64.ActiveCfg = Debug|x64
		{2A0170DF-14F1-4AFA-A3CF-224D99871D22}.Debug|x64.Build.0 = Debug|x64
		{2A0170DF-14F1-4AFA-A3CF-224D99871D22}.Debug|x86.ActiveCfg = Debug|Win32
		{2A0170DF-14F1-4AFA-A3CF-224D99871D22}.Debug|x86.Build.0 = Debug|Win32
		{2A0170DF-14F1-4AFA-A3CF-224D99871D22}.Release|x64.ActiveCfg = Release|x64
		{2A0170DF-14F1-4AFA-A3CF-224D99871D22}.Release|x64.Build.0 = Release|x64
		{2A0170DF-14F1-4AFA-A3CF-224D99871D22}.Release|x86.ActiveCfg = Release|Win32
		{2A0170DF-14F1-4AFA-A3CF-224D99871D22}.Release|x86.Build.0 = Release|Win32
		{6C56A692-9F47-4240-A319-494CB6CDEE8C}.Debug|x64.ActiveCfg = Debug|x64
		{6C56A692-9F47-4240-A319-494CB6CDEE8C}.Debug|x64.Build.0 = Debug|x64
		{6C56A692-9F47-4240-A319-494CB6CDEE8C}.Debug|x86.ActiveCfg = Debug|Win32
		{6C56A692-9F47-4240-A319-494CB6CDEE8C}.Debug|x86.Build.0 = Debug|Win32
		{6C56A692-9F47-4240-A319-494CB6CDEE8C}.Release|x64.ActiveCfg = Release|x64
		{6C56A692-9F47-4240-A319-494CB6CDEE8C}.Release|x64.Build.0 = Release|x64
		{6C56A692-9F47-4240-A319-494CB6CDEE8C}.Release|x86.ActiveCfg = Release|Win32
		{6C56A692-9F47-4240-A319-494CB6CDEE8C}.Release|x86.Build.0 = Release|Win32
		{C15B631D-3483-438E-B600-E7FBD9A0D675}.Debug|x64.ActiveCfg = Debug|x64
		{C15B631D-3483-438E-B600-E7FBD9A0D675}.Debug|x64.Build.0 = Debug|x64
		{C15B631D-3483-438E-B600-E7FBD9A0D675}.Debug|x86.ActiveCfg = Debug|Win32
		{C15B631D-3483-438E-B600-E7FBD9A0D675}.Debug|x86.Build.0 = Debug|Win32
		{C15B631D-3483-438E-B600-E7FBD9A0D675}.Release|x64.ActiveCfg = Release|x64
		{C15B631D-3483-438E-B600-E7FBD9A0D675}.Release|x64.Build.0 = Release|x64
		{C15B631D-3483-438E-B600-E7FBD9A0D675}.Release|x86.ActiveCfg = Release|Win32
		{C15B631D-3483-438E-B600-E7FBD9A0D675}.Release|x86.Build.0 = Release|Win32
		{A779161D-D786-43BD-BAD9-2B0E814EC87A}.Debug|x64.ActiveCfg = Debug|x64
		{A779161D-D786-43BD-BAD9-2B0E814EC87A}.Debug|x64.Build.0 = Debug|x64
		{A779161D-D786-43BD-BAD9-2B0E814EC87A}.Debug|x86.ActiveCfg = Debug|Win32
		{A779161D-D786-43BD-BAD9-2B0E814EC87A}.Debug|x86.Build.0 = Debug|Win32
		{A779161D-D786-43BD-BAD9-2B0E814EC87A}.Release|x64.ActiveCfg = Release|x64
		{A779161D-D786-43BD-BAD9-2B0E814EC87A}.Release|x64.Build.0 = Release|x64
		{A779161D-D786-43BD-BAD9-2B0E814EC87A}.Release|x86.ActiveCfg = Release|Win32
		{A779161D-D786-43BD-BAD9-2B0E814EC87A}.Release|x86.Build.0 = Release|Win32
		{6CA3EB00-DE9E-4116-8756-877E7A2CE0A2}.Debug|x64.ActiveCfg = Debug|x64
		{6CA3EB00-DE9E-4116-8756-877E7A2CE0A2}.Debug|x64.Build.0 = Debug|x64
		{6CA3EB00-DE9E-4116-8756-877E7A2CE0A2}.Debug|x86.ActiveCfg = Debug|Win32
		{6CA3EB00-DE9E-4116-8756-877E7A2CE0A2}.Debug|x86.Build.0 = Debug|Win32
		{6CA3EB00-DE9E-4116-8756-877E7A2CE0A2}.Release|x64.ActiveCfg = Release|x64
		{6CA3EB00-DE9E-4116-8756-877E7A2CE0A2}.Release|x64.Build.0 = Release|x64
		{6CA3EB00-DE9E-4116-8756-877E7A2CE0A2}.Release|x86.ActiveCfg = Release|Win32
		{6CA3EB00-DE9E-4116-8756-877E7A2CE0A2}.Release|x86.Build.0 = Release|Win32
		{F9A87798-8BB1-4E30-9CE7-0477262BA3C5}.Debug|x64.ActiveCfg = Debug|x64
		{F9A87798-8BB1-4E30-9CE7-0477262BA3C5}.Debug|x64.Build.0 = Debug|x64
		{F9A87798-8BB1-4E30-9CE7-0477262BA3C5}.Debug|x86.ActiveCfg = Debug|Win32
		{F9A87798-8BB1-4E30-9CE7-0477262BA3C5}.Debug|x86.Build.0 = Debug|Win32
		{F9A87798-8BB1-4E30-9CE7-0477262BA3C5}.Release|x64.ActiveCfg = Release|x64
		{F9A87798-8BB1-4E30-9CE7-0477262BA3C5}.Release|x64.Build.0 = Release|x64
		{F9A87798-8BB1-4E30-9CE7-0477262BA3C5}.Release|x86.ActiveCfg = Release|Win32
		{F9A87798-8BB1-4E30-9CE7-0477262BA3C5}.Release|x86.Build.0 = Release|Win32
		{7B49882D-8D86-4B3E-8AAF-4E21F2D31D9E}.Debug|x64.ActiveCfg = Debug|x64
		{7B49882D-8D86-4B3E-8AAF-4E21F2D31D9E}.Debug|x64.Build.0 = Debug|x64
		{7B49882D-8D86-4B3E-8AAF-4E21F2D31D9E}.Debug|x86.ActiveCfg = Debug|Win32
		{7B49882D-8D86-4B3E-8AAF-4E21F2D31D9E}.Debug|x86.Build.0 = Debug|Win32
		{7B49882D-8D86-4B3E-8AAF-4E21F2D31D9E}.Release|x64.ActiveCfg = Release|x64
		{7B49882D-8D86-4B3E-8AAF-4E21F2D31D9E}.Release|x64.Build.0 = Release|x64
		{7B49882D-8D86-4B3E-8AAF-4E21F2D31D9E}.Release|x86.ActiveCfg = Release|Win32
		{7B49882D-8D86-4B3E-8AAF-4E21F2D31D9E}.Release|x86.Build.0 = Release|Win32
		{1CCA9312-A63D-4DBE-920D-F73A8BA7C484}.Debug|x64.ActiveCfg = Debug|x64
		{1CCA9312-A63D-4DBE-920D-F73A8BA7C484}.Debug|x64.Build.0 = Debug|x64
		{1CCA9312-A63D-4DBE-920D-F73A8BA7C484}.Debug|x86.ActiveCfg = Debug|Win32
		{1CCA9312-A63D-4DBE-920D-F73A8BA7C484}.Debug|x86.Build.0 = Debug|Win32
		{1CCA9312-A63D-4DBE-920D-F73A8BA7C484}.Release|x64.ActiveCfg = Release|x64
		{1CCA9312-A63D-4DBE-920D-F73A8BA7C484}.Release|x64.Build.0 = Release|x64
		{1CCA9312-A63D-4DBE-920D-F73A8BA7C484}.Release|x86.ActiveCfg = Release|Win32
		{1CCA9312-A63D-4DBE-920D-F73A8BA7C484}.Release|x86.Build.0 = Release|Win32
		{E9F2321D-C97E-440A-9F21-E5B931741AD7}.Debug|x64.ActiveCfg = Debug|x64
		{E9F2321D-C97E-440A-9F21-E5B931741AD7}.Debug|x64.Build.0 = Debug|x64
		{E9F2321D-C97E-440A-9F21-E5B931741AD7}.Debug|x86.ActiveCfg = Debug|Win32
		{E9F2321D-C97E-440A-9F21-E5B931741AD7}.Debug|x86.Build.0 = Debug|Win32
		{E9F2321D-C97E-440A-9F21-E5B931741AD7}.Release|x64.ActiveCfg = Release|x64
		{E9F2321D-C97E-440A-9F21-E5B931741AD7}.Release|x64.Build.0 = Release|x64
		{E9F2321D-C97E-440A-9F21-E5B931741AD7}.Release|x86.ActiveCfg = Release|Win32
		{E9F2321D-C97E-440A-9F21-E5B931741AD7}.Release|x86.Build.0 = Release|Win32
		{53EE35AA-D0C2-43D0-9DBD-AE8FF0281CB4}.Debug|x64.ActiveCfg = Debug|x64
		{53EE35AA-D0C2-43D0-9DBD-AE8FF0281CB4}.Debug|x64.Build.0 = Debug|x64
		{53EE35AA-D0C2-43D0-9DBD-AE8FF0281CB4}.Debug|x86.ActiveCfg = Debug|Win32
		{53EE35AA-D0C2-43D0-9DBD-AE8FF0281CB4}.Debug|x86.Build.0 = Debug|Win32
		{53EE35AA-D0C2-43D0-9DBD-AE8FF0281CB4}.Release|x64.ActiveCfg = Release|x64
		{53EE35AA-D0C2-43D0-9DBD-AE8FF0281CB4}.Release|x64.Build.0 = Release|x64
		{53EE35AA-D0C2-43D0-9DBD-AE8FF0281CB4}.Release|x86.ActiveCfg = Release|Win32
		{53EE35AA-D0C2-43D0-9DBD-AE8FF0281CB4}.Release|x86.Build.0 = Release|Win32
		{96852731-64BE-4FA3-BDB9-D0FEBD2857BB}.Debug|x64.ActiveCfg = Debug|x64
		{96852731-64BE-4FA3-BDB9-D0FEBD2857BB}.Debug|x64.Build.0 = Debug|x64
		{96852731-64BE-4FA3-BDB9-D0FEBD2857BB}.Debug|x86.ActiveCfg = Debug|Win32
		{96852731-64BE-4FA3-BDB9-D0FEBD2857BB}.Debug|x86.Build.0 = Debug|Win32
		{96852731-64BE-4FA3-BDB9-D0FEBD2857BB}.Release|x64.ActiveCfg = Release|x64
		{96852731-64BE-4FA3-BDB9-D0FEBD2857BB}.Release|x64.Build.0 = Release|x64
		{96852731-64BE-4FA3-BDB9-D0FEBD2857BB}.Release|x86.ActiveCfg = Release|Win32
		{96852731-64BE-4FA3-BDB9-D0FEBD2857BB}.Release|x86.Build.0 = Release|Win32
		{8469ED5E-E825-4C7F-A210-C600A7E551E0}.Debug|x64.ActiveCfg = Debug|x64
		{8469ED5E-E825-4C7F-A210-C600A7E551E0}.Debug|x64.Build.0 = Debug|x64
		{8469ED5E-E825-4C7F-A210-C600A7E551E0}.Debug|x86.ActiveCfg = Debug|Win32
		{8469ED5E-E825-4C7F-A210-C600A7E551E0}.Debug|x86.Build.0 = Debug|Win32
		{8469ED5E-E825-4C7F-A210-C600A7E551E0}.Release|x64.ActiveCfg = Release|x64
		{8469ED5E-E825-4C7F-A210-C600A7E551E0}.Release|x64.Build.0 = Release|x64
		{8469ED5E-E825-4C7F-A210-C600A7E551E0}.Release|x86.ActiveCfg = Release|Win32
		{8469ED5E-E825-4C7F-A210-C600A7E551E0}.Release|x86.Build.0 = Release|Win32
		{9BBCC176-B4DA-4D2E-8EBB-596DC8C27862}.Debug|x64.ActiveCfg = Debug|x64
		{9BBCC176-B4DA-4D2E-8EBB-596DC8C27862}.Debug|x64.Build.0 = Debug|x64
		{9BBCC176-B4DA-4D2E-8EBB-596DC8C27862}.Debug|x86.ActiveCfg = Debug|Win32
		{9BBCC176-B4DA-4D2E-8EBB-596DC8C27862}.Debug|x86.Build.0 = Debug|Win32
		{9BBCC176-B4DA-4D2E-8EBB-596DC8C27862}.Release|x64.ActiveCfg = Release|x64
		{9BBCC176-B4DA-4D2E-8EBB-596DC8C27862}.Release|x64.Build.0 = Release|x64
		{9BBCC176-B4DA-4D2E-8EBB-596DC8C27862}.Release|x86.ActiveCfg = Release|Win32
		{9BBCC176-B4DA-4D2E-8EBB-596DC8C27862}.Release|x86.Build.0 = Release|Win32
		{3A01C4F2-9B51-4CDB-915C-9E83B2CB2575}.Debug|x64.ActiveCfg = Debug|x64
		{3A01C4F2-9B51-4CDB-915C-9E83B2CB2575}.Debug|x64.Build.0 = Debug|x64
		{3A01C4F2-9B51-4CDB-915C-9E83B2CB2575}.Debug|x86.ActiveCfg = Debug|Win32
		{3A01C4F2-9B51-4CDB-915C-9E83B2CB2575}.Debug|x86.Build.0 = Debug|Win32
		{3A01C4F2-9B51-4CDB-915C-9E83B2CB2575}.Release|x64.ActiveCfg = Release|x64
		{3A01C4F2-9B51-4CDB-915C-9E83B2CB2575}.Release|x64.Build.0 = Release|x64
		{3A01C4F2-9B51-4CDB-915C-9E83B2CB2575}.Release|x86.ActiveCfg = Release|Win32
		{3A01C4F2-9B51-4CDB-915C-9E83B2CB2575}.Release|x86.Build.0 = Release|Win32
		{D4C5AF94-1CF0-4D4D-BF95-491E7EB03D49}.Debug|x64.ActiveCfg = Debug|x64
		{D4C5AF94-1CF0-4D4D-BF95-491E7EB03D49}.Debug|x64.Build.0 = Debug|x64
		{D4C5AF94-1CF0-4D4D-BF95-491E7EB03D49}.Debug|x86.ActiveCfg = Debug|Win32
		{D4C5AF94-1CF0-4D4D-BF95-491E7EB03D49}.Debug|x86.Build.0 = Debug|Win32
		{D4C5AF94-1CF0-4D4D-BF95-491E7EB03D49}.Release|x64.ActiveCfg = Release|x64
		{D4C5AF94-1CF0-4D4D-BF95-491E7EB03D49}.Release|x64.Build.0 = Release|x64
		{D4C5AF94-1CF0-4D4D-BF95-491E7EB03D49}.Release|x86.ActiveCfg = Release|Win32
		{D4C5AF94-1CF0-4D4D-BF95-491E7EB03D49}.Release|x86.Build.0 = Release|Win32
		{68705511-AA39-4B74-B3E6-AB6E98290DC8}.Debug|x64.ActiveCfg = Debug|x64
		{68705511-AA39-4B74-B3E6-AB6E98290DC8}.Debug|x64.Build.0 = Debug|x64
		{68705511-AA39-4B74-B3E6-AB6E98290DC8}.Debug|x86.ActiveCfg = Debug|Win32
		{68705511-AA39-4B74-B3E6-AB6E98290DC8}.Debug|x86.Build.0 = Debug|Win32
		{68705511-AA39-4B74-B3E6-AB6E98290DC8}.Release|x64.ActiveCfg = Release|x64
		{68705511-AA39-4B74-B3E6-AB6E98290DC8}.Release|x64.Build.0 = Release|x64
		{68705511-AA39-4B74-B3E6-AB6E98290DC8}.Release|x86.ActiveCfg = Release|Win32
		{68705511-AA39-4B74-B3E6-AB6E98290DC8}.Release|x86.Build.0 = Release|Win32
		{20D425E0-268A-44BC-93C3-DF7BF861CC80}.Debug|x64.ActiveCfg = Debug|x64
		{20D425E0-268A-44BC-93C3-DF7BF861CC80}.Debug|x64.Build.0 = Debug|x64
		{20D425E0-268A-44BC-93C3-DF7BF861CC80}.Debug|x86.ActiveCfg = Debug|Win32
		{20D425E0-268A-44BC-93C3-DF7BF861CC80}.Debug|x86.Build.0 = Debug|Win32
		{20D425E0-268A-44BC-93C3-DF7BF861CC80}.Release|x64.ActiveCfg = Release|x64
		{20D425E0-268A-44BC-93C3-DF7BF861CC80}.Release|x64.Build.0 = Release|x64
		{20D425E0-268A-44BC-93C3-DF7BF861CC80}.Release|x86.ActiveCfg = Release|Win32
		{20D425E0-268A-44BC-93C3-DF7BF861CC80}.Release|x86.Build.0 = Release|Win32
		{04F4D1EC-17CC-493E-910E-7A2A3A71EECC}.Debug|x64.ActiveCfg = Debug|x64
		{04F4D1EC-17CC-493E-910E-7A2A3A71EECC}.Debug|x64.Build.0 = Debug|x64
		{04F4D1EC-17CC-493E-910E-7A2A3A71EECC}.Debug|x86.ActiveCfg = Debug|Win32
		{04F4D1EC-17CC-493E-910E-7A2A3A71EECC}.Debug|x86.Build.0 = Debug|Win32
		{04F4D1EC-17CC-493E-910E-7A2A3A71EECC}.Release|x64.ActiveCfg = Release|x64
		{04F4D1EC-17CC-493E-910E-7A2A3A71EECC}.Release|x64.Build.0 = Release|x64
		{04F4D1EC-17CC-493E-910E-7A2A3A71EECC}.Release|x86.ActiveCfg = Release|Win32
		{04F4D1EC-17CC-493E-910E-7A2A3A71EECC}.Release|x86.Build.0 = Release|Win32
		{F0FBFE59-B664-4183-A7AE-425F81BD4AC6}.Debug|x64.ActiveCfg = Debug|x64
		{F0FBFE59-B664-4183-A7AE-425F81BD4AC6}.Debug|x64.Build.0 = Debug|x64
		{F0FBFE59-B664-4183-A7AE-425F81BD4AC6}.Debug|x86.ActiveCfg = Debug|Win32
		{F0FBFE59-B664-4183-A7AE-425F81BD4AC6}.Debug|x86.Build.0 = Debug|Win32
		{F0FBFE59-B664-4183-A7AE-425F81BD4AC6}.Release|x64.ActiveCfg = Release|x64
		{F0FBFE59-B664-4183-A7AE-425F81BD4AC6}.Release|x64.Build.0 = Release|x64
		{F0FBFE59-B664-4183-A7AE-425F81BD4AC6}.Release|x86.ActiveCfg = Release|Win32
		{F0FBFE59-B664-4183-A7AE-425F81BD4AC6}.Release|x86.Build.0 = Release|Win32
		{44911FAC-F33E-4974-A5E3-16A9BBC373E2}.Debug|x64.ActiveCfg = Debug|x64
		{44911FAC-F33E-4974-A5E3-16A9BBC373E2}.Debug|x64.Build.0 = Debug|x64
		{44911FAC-F33E-4974-A5E3-16A9BBC373E2}.Debug|x86.ActiveCfg = Debug|Win32
		{44911FAC-F33E-4974-A5E3-16A9BBC373E2}.Debug|x86.Build.0 = Debug|Win32
		{44911FAC-F33E-4974-A5E3-16A9BBC373E2}.Release|x64.ActiveCfg = Release|x64
		{44911FAC-F33E-4974-A5E3-16A9BBC373E2}.Release|x64.Build.0 = Release|x64
		{44911FAC-F33E-4974-A5E3-16A9BBC373E2}.Release|x86.ActiveCfg = Release|Win32
		{44911FAC-F33E-4974-A5E3-16A9BBC373E2}.Release|x86.Build.0 = Release|Win32
		{3FE9D6FD-6E3B-42B7-9CB9-522C8D62810C}.Debug|x64.ActiveCfg = Debug|x64
		{3FE9D6FD-6E3B-42B7-9CB9-522C8D62810C}.Debug|x64.Build.0 = Debug|x64
		{3FE9D6FD-6E3B-42B7-9CB9-522C8D62810C}.Debug|x86.ActiveCfg = Debug|Win32
		{3FE9D6FD-6E3B-42B7-9CB9-522C8D62810C}.Debug|x86.Build.0 = Debug|Win32
		{3FE9D6FD-6E3B-42B7-9CB9-522C8D62810C}.Release|x64.ActiveCfg = Release|x64
		{3FE9D6FD-6E3B-42B7-9CB9-522C8D62810C}.Release|x64.Build.0 = Release|x64
		{3FE9D6FD-6E3B-42B7-9CB9-522C8D62810C}.Release|x86.ActiveCfg = Release|Win32
		{3FE9D6FD-6E3B-42B7-9CB9-522C8D62810C}.Release|x86.Build.0 = Release|Win32
		{7F3D5267-26F5-47C2-86FF-8213FC30526C}.Debug|x64.ActiveCfg = Debug|x64
		{7F3D5267-26F5-47C2-86FF-8213FC30526C}.Debug|x64.Build.0 = Debug|x64
		{7F3D5267-26F5-47C2-86FF-8213FC30526C}.Debug|x86.ActiveCfg = Debug|Win32
		{7F3D5267-26F5-47C2-86FF-8213FC30526C}.Debug|x86.Build.0 = Debug|Win32
		{7F3D5267-26F5-47C2-86FF-8213FC30526C}.Release|x64.ActiveCfg = Release|x64
		{7F3D5267-26F5-47C2-86FF-8213FC30526C}.Release|x64.Build.0 = Release|x64
		{7F3D5267-26F5-47C2-86FF-8213FC30526C}.Release|x86.ActiveCfg = Release|Win32
		{7F3D5267-26F5-47C2-86FF-8213FC30526C}.Release|x86.Build.0 = Release|Win32
		{ACBD1AE4-1C91-409B-8338-78B6808D5476}.Debug|x64.ActiveCfg = Debug|x64
		{ACBD1AE4-1C91-409B-8338-78B6808D5476}.Debug|x64.Build.0 = Debug|x64
		{ACBD1AE4-1C91-409B-8338-78B6808D5476}.Debug|x86.ActiveCfg = Debug|Win32
		{ACBD1AE4-1C91-409B-8338-78B6808D5476}.Debug|x86.Build.0 = Debug|Win32
		{ACBD1AE4-1C91-409B-8338-78B6808D5476}.Release|x64.ActiveCfg = Release|x64
		{ACBD1AE4-1C91-409B-8338-78B6808D5476}.Release|x64.Build.0 = Release|x64
		{ACBD1AE4-1C91-409B-8338-78B6808D5476}.Release|x86.ActiveCfg = Release|Win32
		{ACBD1AE4-1C91-409B-8338-78B6808D5476}.Release|x86.Build.0 = Release|Win32
		{74DF3816-987B-46A6-AFC6-63101BF59C97}.Debug|x64.ActiveCfg = Debug|x64
		{74DF3816-987B-46A6-AFC6-63101BF59C97}.Debug|x64.Build.0 = Debug|x64
		{74DF3816-987B-46A6-AFC6-63101BF59C97}.Debug|x86.ActiveCfg = Debug|Win32
		{74DF3816-987B-46A6-AFC6-63101BF59C97}.Debug|x86.Build.0 = Debug|Win32
		{74DF3816-987B-46A6-AFC6-63101BF59C97}.Release|x64.ActiveCfg = Release|x64
		{74DF3816-987B-46A6-AFC6-63101BF59C97}.Release|x64.Build.0 = Release|x64
		{74DF3816-987B-46A6-AFC6-63101BF59C97}.Release|x86.ActiveCfg = Release|Win32
		{74DF3816-987B-46A6-AFC6-63101BF59C97}.Release|x86.Build.0 = Release|Win32
		{23FD6A87-8964-460D-9341-E6ABF871C84B}.Debug|x64.ActiveCfg = Debug|x64
		{23FD6A87-8964-460D-9341-E6ABF871C84B}.Debug|x64.Build.0 = Debug|x64
		{23FD6A87-8964-460D-9341-E6ABF871C84B}.Debug|x86.ActiveCfg = Debug|Win32
		{23FD6A87-8964-460D-9341-E6ABF871C84B}.Debug|x86.Build.0 = Debug|Win32
		{23FD6A87-8964-460D-9341-E6ABF871C84B}.Release|x64.ActiveCfg = Release|x64
		{23FD6A87-8964-460D-9341-E6ABF871C84B}.Release|x64.Build.0 = Release|x64
		{23FD6A87-8964-460D-9341-E6ABF871C84B}.Release|x86.ActiveCfg = Release|Win32
		{23FD6A87-8964-460D-9341-E6ABF871C84B}.Release|x86.Build.0 = Release|Win32
		{B69A57C3-2D53-432B-9FD5-89B76F841035}.Debug|x64.ActiveCfg = Debug|x64
		{B69A57C3-2D53-432B-9FD5-89B76F841035}.Debug|x64.Build.0 = Debug|x64
		{B69A57C3-2D53-432B-9FD5-89B76F841035}.Debug|x86.ActiveCfg = Debug|Win32
		{B69A57C3-2D53-432B-9FD5-89B76F841035}.Debug|x86.Build.0 = Debug|Win32
		{B69A57C3-2D53-432B-9FD5-89B76F841035}.Release|x64.ActiveCfg = Release|x64
		{B69A57C3-2D53-432B-9FD5-89B76F841035}.Release|x64.Build.0 = Release|x64
		{B69A57C3-2D53-432B-9FD5-89B76F841035}.Release|x86.ActiveCfg = Release|Win32
		{B69A57C3-2D53-432B-9FD5-89B76F841035}.Release|x86.Build.0 = Release|Win32
		{94AA3CCB-CED4-47A7-8C7C-D4E299A2BBC1}.Debug|x64.ActiveCfg = Debug|x64
		{94AA3CCB-CED4-47A7-8C7C-D4E299A2BBC1}.Debug|x64.Build.0 = Debug|x64
		{94AA3CCB-CED4-47A7-8C7C-D4E299A2BBC1}.Debug|x86.ActiveCfg = Debug|Win32
		{94AA3CCB-CED4-47A7-8C7C-D4E299A2BBC1}.Debug|x86.Build.0 = Debug|Win32
		{94AA3CCB-CED4-47A7-8C7C-D4E299A2BBC1}.Release|x64.ActiveCfg = Release|x64
		{94AA3CCB-CED4-47A7-8C7C-D4E299A2BBC1}.Release|x64.Build.0 = Release|x64
		{94AA3CCB-CED4-47A7-8C7C-D4E299A2BBC1}.Release|x86.ActiveCfg = Release|Win32
		{94AA3CCB-CED4-47A7-8C7C-D4E299A2BBC1}.Release|x86.Build.0 = Release|Win32
		{D4FD22DD-B4FD-47FB-BC54-05BB81748A21}.Debug|x64.ActiveCfg = Debug|x64
		{D4FD22DD-B4FD-47FB-BC54-05BB81748A21}.Debug|x64.Build.0 = Debug|x64
		{D4FD22DD-B4FD-47FB-BC54-05BB81748A21}.Debug|x86.ActiveCfg = Debug|Win32
		{D4FD22DD-B4FD-47FB-BC54-05BB81748A21}.Debug|x86.Build.0 = Debug|Win32
		{D4FD22DD-B4FD-47FB-BC54-05BB81748A21}.Release|x64.ActiveCfg = Release|x64
		{D4FD22DD-B4FD-47FB-BC54-05BB81748A21}.Release|x64.Build.0 = Release|x64
		{D4FD22DD-B4FD-47FB-BC54-05BB81748A21}.Release|x86.ActiveCfg = Release|Win32
		{D4FD22DD-B4FD-47FB-BC54-05BB81748A21}.Release|x86.Build.0 = Release|Win32
		{355CA52A-78B4-4FBB-8671-681C13B20334}.Debug|x64.ActiveCfg = Debug|x64
		{355CA52A-78B4-4FBB-8671-681C13B20334}.Debug|x64.Build.0 = Debug|x64
		{355CA52A-78B4-4FBB-8671-681C13B20334}.Debug|x86.ActiveCfg = Debug|Win32
		{355CA52A-78B4-4FBB-8671-681C13B20334}.Debug|x86.Build.0 = Debug|Win32
		{355CA52A-78B4-4FBB-8671-681C13B20334}.Release|x64.ActiveCfg = Release|x64
		{355CA52A-78B4-4FBB-8671-681C13B20334}.Release|x64.Build.0 = Release|x64
		{355CA52A-78B4-4FBB-8671-681C13B20334}.Release|x86.ActiveCfg = Release|Win32
		{355CA52A-78B4-4FBB-8671-681C13B20334}.Release|x86.Build.0 = Release|Win32
		{CD6BE612-FD8D-45F8-9B89-ACCB808DED3C}.Debug|x64.ActiveCfg = Debug|x64
		{CD6BE612-FD8D-45F8-9B89-ACCB808DED3C}.Debug|x64.Build.0 = Debug|x64
		{CD6BE612-FD8D-45F8-9B89-ACCB808DED3C}.Debug|x86.ActiveCfg = Debug|Win32
		{CD6BE612-FD8D-45F8-9B89-ACCB808DED3C}.Debug|x86.Build.0 = Debug|Win32
		{CD6BE612-FD8D-45F8-9B89-ACCB808DED3C}.Release|x64.ActiveCfg = Release|x64
		{CD6BE612-FD8D-45F8-9B89-ACCB808DED3C}.Release|x64.Build.0 = Release|x64
		{CD6BE612-FD8D-45F8-9B89-ACCB808DED3C}.Release|x86.ActiveCfg = Release|Win32
		{CD6BE612-FD8D-45F8-9B89-ACCB808DED3C}.Release|x86.Build.0 = Release|Win32
		{8D846997-729C-4F0A-A46A-BB1C4846F5AB}.Debug|x64.ActiveCfg = Debug|x64
		{8D846997-729C-4F0A-A46A-BB1C4846F5AB}.Debug|x64.Build.0 = Debug|x64
		{8D846997-729C-4F0A-A46A-BB1C4846F5AB}.Debug|x86.ActiveCfg = Debug|Win32
		{8D846997-729C-4F0A-A46A-BB1C4846F5AB}.Debug|x86.Build.0 = Debug|Win32
		{8D846997-729C-4F0A-A46A-BB1C4846F5AB}.Release|x64.ActiveCfg = Release|x64
		{8D846997-729C-4F0A-A46A-BB1C4846F5AB}.Release|x64.Build.0 = Release|x64
		{8D846997-729C-4F0A-A46A-BB1C4846F5AB}.Release|x86.ActiveCfg = Release|Win32
		{8D846997-729C-4F0A-A46A-BB1C4846F5AB}.Release|x86.Build.0 = Release|Win32
	EndGlobalSection
	GlobalSection(SolutionProperties) = preSolution
		HideSolutionNode = FALSE
	EndGlobalSection
	GlobalSection(ExtensibilityGlobals) = postSolution
		SolutionGuid = {70D71997-9625-4820-AF89-347588F5D4D1}
	EndGlobalSection
EndGlobal
